
Microsoft Visual Studio Solution File, Format Version 12.00
# Visual Studio Version 17
VisualStudioVersion = 17.8.34511.84
MinimumVisualStudioVersion = 10.0.40219.1
Project("{FAE04EC0-301F-11D3-BF4B-00C04F79EFBC}") = "IronPDFTestAPI", "IronPDFTestAPI\IronPDFTestAPI.csproj", "{2F25E2BA-B6CA-42EA-BA97-A57E6E3119E6}"
EndProject
Global
	GlobalSection(SolutionConfigurationPlatforms) = preSolution
		Debug|Any CPU = Debug|Any CPU
		Release|Any CPU = Release|Any CPU
	EndGlobalSection
	GlobalSection(ProjectConfigurationPlatforms) = postSolution
		{2F25E2BA-B6CA-42EA-BA97-A57E6E3119E6}.Debug|Any CPU.ActiveCfg = Debug|Any CPU
		{2F25E2BA-B6CA-42EA-BA97-A57E6E3119E6}.Debug|Any CPU.Build.0 = Debug|Any CPU
		{2F25E2BA-B6CA-42EA-BA97-A57E6E3119E6}.Release|Any CPU.ActiveCfg = Release|Any CPU
		{2F25E2BA-B6CA-42EA-BA97-A57E6E3119E6}.Release|Any CPU.Build.0 = Release|Any CPU
	EndGlobalSection
	GlobalSection(SolutionProperties) = preSolution
		HideSolutionNode = FALSE
	EndGlobalSection
	GlobalSection(ExtensibilityGlobals) = postSolution
		SolutionGuid = {9EB25706-C467-4B95-8509-08B47C8ACFC4}
	EndGlobalSection
EndGlobal
